
Microsoft Visual Studio Solution File, Format Version 12.00
# Visual Studio Version 16
VisualStudioVersion = 16.0.33801.447
MinimumVisualStudioVersion = 10.0.40219.1
Project("{FAE04EC0-301F-11D3-BF4B-00C04F79EFBC}") = "NKatmanlıMimariTekrar", "NKatmanlıMimariTekrar\NKatmanlıMimariTekrar.csproj", "{8C1030BA-3169-45B2-B288-E5BFD0A7DBC4}"
EndProject
Project("{FAE04EC0-301F-11D3-BF4B-00C04F79EFBC}") = "EntityLayer", "EntityLayer\EntityLayer.csproj", "{ECE61423-0D90-48F2-B51C-49ACF808FF89}"
EndProject
Project("{FAE04EC0-301F-11D3-BF4B-00C04F79EFBC}") = "LogicLayer", "LogicLayer\LogicLayer.csproj", "{795E68AF-CC52-4FFF-A320-9451A47AB33E}"
EndProject
Project("{FAE04EC0-301F-11D3-BF4B-00C04F79EFBC}") = "DataAccessLayer", "DataAccessLayer\DataAccessLayer.csproj", "{5404045E-FFEA-4FA1-B83B-11C7472C5323}"
EndProject
Global
	GlobalSection(SolutionConfigurationPlatforms) = preSolution
		Debug|Any CPU = Debug|Any CPU
		Release|Any CPU = Release|Any CPU
	EndGlobalSection
	GlobalSection(ProjectConfigurationPlatforms) = postSolution
		{8C1030BA-3169-45B2-B288-E5BFD0A7DBC4}.Debug|Any CPU.ActiveCfg = Debug|Any CPU
		{8C1030BA-3169-45B2-B288-E5BFD0A7DBC4}.Debug|Any CPU.Build.0 = Debug|Any CPU
		{8C1030BA-3169-45B2-B288-E5BFD0A7DBC4}.Release|Any CPU.ActiveCfg = Release|Any CPU
		{8C1030BA-3169-45B2-B288-E5BFD0A7DBC4}.Release|Any CPU.Build.0 = Release|Any CPU
		{ECE61423-0D90-48F2-B51C-49ACF808FF89}.Debug|Any CPU.ActiveCfg = Debug|Any CPU
		{ECE61423-0D90-48F2-B51C-49ACF808FF89}.Debug|Any CPU.Build.0 = Debug|Any CPU
		{ECE61423-0D90-48F2-B51C-49ACF808FF89}.Release|Any CPU.ActiveCfg = Release|Any CPU
		{ECE61423-0D90-48F2-B51C-49ACF808FF89}.Release|Any CPU.Build.0 = Release|Any CPU
		{795E68AF-CC52-4FFF-A320-9451A47AB33E}.Debug|Any CPU.ActiveCfg = Debug|Any CPU
		{795E68AF-CC52-4FFF-A320-9451A47AB33E}.Debug|Any CPU.Build.0 = Debug|Any CPU
		{795E68AF-CC52-4FFF-A320-9451A47AB33E}.Release|Any CPU.ActiveCfg = Release|Any CPU
		{795E68AF-CC52-4FFF-A320-9451A47AB33E}.Release|Any CPU.Build.0 = Release|Any CPU
		{5404045E-FFEA-4FA1-B83B-11C7472C5323}.Debug|Any CPU.ActiveCfg = Debug|Any CPU
		{5404045E-FFEA-4FA1-B83B-11C7472C5323}.Debug|Any CPU.Build.0 = Debug|Any CPU
		{5404045E-FFEA-4FA1-B83B-11C7472C5323}.Release|Any CPU.ActiveCfg = Release|Any CPU
		{5404045E-FFEA-4FA1-B83B-11C7472C5323}.Release|Any CPU.Build.0 = Release|Any CPU
	EndGlobalSection
	GlobalSection(SolutionProperties) = preSolution
		HideSolutionNode = FALSE
	EndGlobalSection
	GlobalSection(ExtensibilityGlobals) = postSolution
		SolutionGuid = {04C77CB7-0C46-46AB-82A6-89BBF96F8552}
	EndGlobalSection
EndGlobal
